// !$*UTF8*$!
{
	archiveVersion = 1;
	classes = {
	};
	objectVersion = 50;
	objects = {

/* Begin PBXBuildFile section */
		CD0C8A6C22904840003EA89B /* AppDelegate.swift in Sources */ = {isa = PBXBuildFile; fileRef = CD0C8A6B22904840003EA89B /* AppDelegate.swift */; };
		CD0C8A6E22904840003EA89B /* LaunchViewController.swift in Sources */ = {isa = PBXBuildFile; fileRef = CD0C8A6D22904840003EA89B /* LaunchViewController.swift */; };
		CD0C8A7122904840003EA89B /* Main.storyboard in Resources */ = {isa = PBXBuildFile; fileRef = CD0C8A6F22904840003EA89B /* Main.storyboard */; };
		CD0C8A7422904840003EA89B /* OnDemandMap_Clone.xcdatamodeld in Sources */ = {isa = PBXBuildFile; fileRef = CD0C8A7222904840003EA89B /* OnDemandMap_Clone.xcdatamodeld */; };
		CD0C8A7622904841003EA89B /* Assets.xcassets in Resources */ = {isa = PBXBuildFile; fileRef = CD0C8A7522904841003EA89B /* Assets.xcassets */; };
		CD0C8A7922904841003EA89B /* LaunchScreen.storyboard in Resources */ = {isa = PBXBuildFile; fileRef = CD0C8A7722904841003EA89B /* LaunchScreen.storyboard */; };
		CD0C8A8422904841003EA89B /* OnDemandMap_CloneTests.swift in Sources */ = {isa = PBXBuildFile; fileRef = CD0C8A8322904841003EA89B /* OnDemandMap_CloneTests.swift */; };
		CD0C8A8F22904841003EA89B /* OnDemandMap_CloneUITests.swift in Sources */ = {isa = PBXBuildFile; fileRef = CD0C8A8E22904841003EA89B /* OnDemandMap_CloneUITests.swift */; };
		CD0C8A9F229048E7003EA89B /* MapViewController.xib in Resources */ = {isa = PBXBuildFile; fileRef = CD0C8A9D229048E7003EA89B /* MapViewController.xib */; };
		CD0C8AA122904B1E003EA89B /* LocationManager.swift in Sources */ = {isa = PBXBuildFile; fileRef = CD0C8AA022904B1D003EA89B /* LocationManager.swift */; };
		CD0C8AB12296D792003EA89B /* UIViewController+Ext.swift in Sources */ = {isa = PBXBuildFile; fileRef = CD0C8AB02296D792003EA89B /* UIViewController+Ext.swift */; };
		CD0C8AB32296DF5E003EA89B /* CustomMapView.swift in Sources */ = {isa = PBXBuildFile; fileRef = CD0C8AB22296DF5D003EA89B /* CustomMapView.swift */; };
		CD0C8AB62296E74E003EA89B /* SearchViewController.swift in Sources */ = {isa = PBXBuildFile; fileRef = CD0C8AB42296E74E003EA89B /* SearchViewController.swift */; };
		CD0C8AB72296E74E003EA89B /* SearchViewController.xib in Resources */ = {isa = PBXBuildFile; fileRef = CD0C8AB52296E74E003EA89B /* SearchViewController.xib */; };
		CD0C8AB922970204003EA89B /* MapViewController.swift in Sources */ = {isa = PBXBuildFile; fileRef = CD0C8AB822970204003EA89B /* MapViewController.swift */; };
/* End PBXBuildFile section */

/* Begin PBXContainerItemProxy section */
		CD0C8A8022904841003EA89B /* PBXContainerItemProxy */ = {
			isa = PBXContainerItemProxy;
			containerPortal = CD0C8A6022904840003EA89B /* Project object */;
			proxyType = 1;
			remoteGlobalIDString = CD0C8A6722904840003EA89B;
			remoteInfo = "OnDemandMap-Clone";
		};
		CD0C8A8B22904841003EA89B /* PBXContainerItemProxy */ = {
			isa = PBXContainerItemProxy;
			containerPortal = CD0C8A6022904840003EA89B /* Project object */;
			proxyType = 1;
			remoteGlobalIDString = CD0C8A6722904840003EA89B;
			remoteInfo = "OnDemandMap-Clone";
		};
/* End PBXContainerItemProxy section */

/* Begin PBXFileReference section */
		CD0C8A6822904840003EA89B /* OnDemandMap-Clone.app */ = {isa = PBXFileReference; explicitFileType = wrapper.application; includeInIndex = 0; path = "OnDemandMap-Clone.app"; sourceTree = BUILT_PRODUCTS_DIR; };
		CD0C8A6B22904840003EA89B /* AppDelegate.swift */ = {isa = PBXFileReference; lastKnownFileType = sourcecode.swift; path = AppDelegate.swift; sourceTree = "<group>"; };
		CD0C8A6D22904840003EA89B /* LaunchViewController.swift */ = {isa = PBXFileReference; lastKnownFileType = sourcecode.swift; path = LaunchViewController.swift; sourceTree = "<group>"; };
		CD0C8A7022904840003EA89B /* Base */ = {isa = PBXFileReference; lastKnownFileType = file.storyboard; name = Base; path = Base.lproj/Main.storyboard; sourceTree = "<group>"; };
		CD0C8A7322904840003EA89B /* OnDemandMap_Clone.xcdatamodel */ = {isa = PBXFileReference; lastKnownFileType = wrapper.xcdatamodel; path = OnDemandMap_Clone.xcdatamodel; sourceTree = "<group>"; };
		CD0C8A7522904841003EA89B /* Assets.xcassets */ = {isa = PBXFileReference; lastKnownFileType = folder.assetcatalog; path = Assets.xcassets; sourceTree = "<group>"; };
		CD0C8A7822904841003EA89B /* Base */ = {isa = PBXFileReference; lastKnownFileType = file.storyboard; name = Base; path = Base.lproj/LaunchScreen.storyboard; sourceTree = "<group>"; };
		CD0C8A7A22904841003EA89B /* Info.plist */ = {isa = PBXFileReference; lastKnownFileType = text.plist.xml; path = Info.plist; sourceTree = "<group>"; };
		CD0C8A7F22904841003EA89B /* OnDemandMap-CloneTests.xctest */ = {isa = PBXFileReference; explicitFileType = wrapper.cfbundle; includeInIndex = 0; path = "OnDemandMap-CloneTests.xctest"; sourceTree = BUILT_PRODUCTS_DIR; };
		CD0C8A8322904841003EA89B /* OnDemandMap_CloneTests.swift */ = {isa = PBXFileReference; lastKnownFileType = sourcecode.swift; path = OnDemandMap_CloneTests.swift; sourceTree = "<group>"; };
		CD0C8A8522904841003EA89B /* Info.plist */ = {isa = PBXFileReference; lastKnownFileType = text.plist.xml; path = Info.plist; sourceTree = "<group>"; };
		CD0C8A8A22904841003EA89B /* OnDemandMap-CloneUITests.xctest */ = {isa = PBXFileReference; explicitFileType = wrapper.cfbundle; includeInIndex = 0; path = "OnDemandMap-CloneUITests.xctest"; sourceTree = BUILT_PRODUCTS_DIR; };
		CD0C8A8E22904841003EA89B /* OnDemandMap_CloneUITests.swift */ = {isa = PBXFileReference; lastKnownFileType = sourcecode.swift; path = OnDemandMap_CloneUITests.swift; sourceTree = "<group>"; };
		CD0C8A9022904841003EA89B /* Info.plist */ = {isa = PBXFileReference; lastKnownFileType = text.plist.xml; path = Info.plist; sourceTree = "<group>"; };
		CD0C8A9D229048E7003EA89B /* MapViewController.xib */ = {isa = PBXFileReference; lastKnownFileType = file.xib; path = MapViewController.xib; sourceTree = "<group>"; };
		CD0C8AA022904B1D003EA89B /* LocationManager.swift */ = {isa = PBXFileReference; lastKnownFileType = sourcecode.swift; path = LocationManager.swift; sourceTree = "<group>"; };
		CD0C8AB02296D792003EA89B /* UIViewController+Ext.swift */ = {isa = PBXFileReference; lastKnownFileType = sourcecode.swift; path = "UIViewController+Ext.swift"; sourceTree = "<group>"; };
		CD0C8AB22296DF5D003EA89B /* CustomMapView.swift */ = {isa = PBXFileReference; lastKnownFileType = sourcecode.swift; path = CustomMapView.swift; sourceTree = "<group>"; };
		CD0C8AB42296E74E003EA89B /* SearchViewController.swift */ = {isa = PBXFileReference; lastKnownFileType = sourcecode.swift; path = SearchViewController.swift; sourceTree = "<group>"; };
		CD0C8AB52296E74E003EA89B /* SearchViewController.xib */ = {isa = PBXFileReference; lastKnownFileType = file.xib; path = SearchViewController.xib; sourceTree = "<group>"; };
		CD0C8AB822970204003EA89B /* MapViewController.swift */ = {isa = PBXFileReference; fileEncoding = 4; lastKnownFileType = sourcecode.swift; path = MapViewController.swift; sourceTree = "<group>"; };
/* End PBXFileReference section */

/* Begin PBXFrameworksBuildPhase section */
		CD0C8A6522904840003EA89B /* Frameworks */ = {
			isa = PBXFrameworksBuildPhase;
			buildActionMask = 2147483647;
			files = (
			);
			runOnlyForDeploymentPostprocessing = 0;
		};
		CD0C8A7C22904841003EA89B /* Frameworks */ = {
			isa = PBXFrameworksBuildPhase;
			buildActionMask = 2147483647;
			files = (
			);
			runOnlyForDeploymentPostprocessing = 0;
		};
		CD0C8A8722904841003EA89B /* Frameworks */ = {
			isa = PBXFrameworksBuildPhase;
			buildActionMask = 2147483647;
			files = (
			);
			runOnlyForDeploymentPostprocessing = 0;
		};
/* End PBXFrameworksBuildPhase section */

/* Begin PBXGroup section */
		CD0C8A5F22904840003EA89B = {
			isa = PBXGroup;
			children = (
				CD0C8A6A22904840003EA89B /* OnDemandMap-Clone */,
				CD0C8A8222904841003EA89B /* OnDemandMap-CloneTests */,
				CD0C8A8D22904841003EA89B /* OnDemandMap-CloneUITests */,
				CD0C8A6922904840003EA89B /* Products */,
			);
			sourceTree = "<group>";
		};
		CD0C8A6922904840003EA89B /* Products */ = {
			isa = PBXGroup;
			children = (
				CD0C8A6822904840003EA89B /* OnDemandMap-Clone.app */,
				CD0C8A7F22904841003EA89B /* OnDemandMap-CloneTests.xctest */,
				CD0C8A8A22904841003EA89B /* OnDemandMap-CloneUITests.xctest */,
			);
			name = Products;
			sourceTree = "<group>";
		};
		CD0C8A6A22904840003EA89B /* OnDemandMap-Clone */ = {
			isa = PBXGroup;
			children = (
				CD0C8A6B22904840003EA89B /* AppDelegate.swift */,
				CD0C8A6D22904840003EA89B /* LaunchViewController.swift */,
				CD0C8ABE2297026C003EA89B /* Resources */,
				CD0C8AC12297028C003EA89B /* Core */,
				CD0C8ABD2297025A003EA89B /* Modules */,
				CD0C8ABC2297024B003EA89B /* Utilities */,
				CD0C8A7A22904841003EA89B /* Info.plist */,
				CD0C8A7222904840003EA89B /* OnDemandMap_Clone.xcdatamodeld */,
			);
			path = "OnDemandMap-Clone";
			sourceTree = "<group>";
		};
		CD0C8A8222904841003EA89B /* OnDemandMap-CloneTests */ = {
			isa = PBXGroup;
			children = (
				CD0C8A8322904841003EA89B /* OnDemandMap_CloneTests.swift */,
				CD0C8A8522904841003EA89B /* Info.plist */,
			);
			path = "OnDemandMap-CloneTests";
			sourceTree = "<group>";
		};
		CD0C8A8D22904841003EA89B /* OnDemandMap-CloneUITests */ = {
			isa = PBXGroup;
			children = (
				CD0C8A8E22904841003EA89B /* OnDemandMap_CloneUITests.swift */,
				CD0C8A9022904841003EA89B /* Info.plist */,
			);
			path = "OnDemandMap-CloneUITests";
			sourceTree = "<group>";
		};
		CD0C8ABA2297022D003EA89B /* SearchViewController */ = {
			isa = PBXGroup;
			children = (
				CD0C8AB42296E74E003EA89B /* SearchViewController.swift */,
				CD0C8AB52296E74E003EA89B /* SearchViewController.xib */,
			);
			path = SearchViewController;
			sourceTree = "<group>";
		};
		CD0C8ABB22970239003EA89B /* MapViewController */ = {
			isa = PBXGroup;
			children = (
				CD0C8A9D229048E7003EA89B /* MapViewController.xib */,
				CD0C8AB822970204003EA89B /* MapViewController.swift */,
			);
			path = MapViewController;
			sourceTree = "<group>";
		};
		CD0C8ABC2297024B003EA89B /* Utilities */ = {
			isa = PBXGroup;
			children = (
				CD0C8AB02296D792003EA89B /* UIViewController+Ext.swift */,
			);
			path = Utilities;
			sourceTree = "<group>";
		};
		CD0C8ABD2297025A003EA89B /* Modules */ = {
			isa = PBXGroup;
			children = (
				CD0C8AA022904B1D003EA89B /* LocationManager.swift */,
			);
			path = Modules;
			sourceTree = "<group>";
		};
		CD0C8ABE2297026C003EA89B /* Resources */ = {
			isa = PBXGroup;
			children = (
				CD0C8AC02297027C003EA89B /* Assets */,
				CD0C8ABF22970276003EA89B /* Storyboards */,
			);
			path = Resources;
			sourceTree = "<group>";
		};
		CD0C8ABF22970276003EA89B /* Storyboards */ = {
			isa = PBXGroup;
			children = (
				CD0C8A6F22904840003EA89B /* Main.storyboard */,
				CD0C8A7722904841003EA89B /* LaunchScreen.storyboard */,
			);
			path = Storyboards;
			sourceTree = "<group>";
		};
		CD0C8AC02297027C003EA89B /* Assets */ = {
			isa = PBXGroup;
			children = (
				CD0C8A7522904841003EA89B /* Assets.xcassets */,
			);
			path = Assets;
			sourceTree = "<group>";
		};
		CD0C8AC12297028C003EA89B /* Core */ = {
			isa = PBXGroup;
			children = (
				CD0C8AB22296DF5D003EA89B /* CustomMapView.swift */,
				CD0C8ABB22970239003EA89B /* MapViewController */,
				CD0C8ABA2297022D003EA89B /* SearchViewController */,
			);
			path = Core;
			sourceTree = "<group>";
		};
/* End PBXGroup section */

/* Begin PBXNativeTarget section */
		CD0C8A6722904840003EA89B /* OnDemandMap-Clone */ = {
			isa = PBXNativeTarget;
			buildConfigurationList = CD0C8A9322904841003EA89B /* Build configuration list for PBXNativeTarget "OnDemandMap-Clone" */;
			buildPhases = (
				CD0C8A6422904840003EA89B /* Sources */,
				CD0C8A6522904840003EA89B /* Frameworks */,
				CD0C8A6622904840003EA89B /* Resources */,
			);
			buildRules = (
			);
			dependencies = (
			);
			name = "OnDemandMap-Clone";
			productName = "OnDemandMap-Clone";
			productReference = CD0C8A6822904840003EA89B /* OnDemandMap-Clone.app */;
			productType = "com.apple.product-type.application";
		};
		CD0C8A7E22904841003EA89B /* OnDemandMap-CloneTests */ = {
			isa = PBXNativeTarget;
			buildConfigurationList = CD0C8A9622904841003EA89B /* Build configuration list for PBXNativeTarget "OnDemandMap-CloneTests" */;
			buildPhases = (
				CD0C8A7B22904841003EA89B /* Sources */,
				CD0C8A7C22904841003EA89B /* Frameworks */,
				CD0C8A7D22904841003EA89B /* Resources */,
			);
			buildRules = (
			);
			dependencies = (
				CD0C8A8122904841003EA89B /* PBXTargetDependency */,
			);
			name = "OnDemandMap-CloneTests";
			productName = "OnDemandMap-CloneTests";
			productReference = CD0C8A7F22904841003EA89B /* OnDemandMap-CloneTests.xctest */;
			productType = "com.apple.product-type.bundle.unit-test";
		};
		CD0C8A8922904841003EA89B /* OnDemandMap-CloneUITests */ = {
			isa = PBXNativeTarget;
			buildConfigurationList = CD0C8A9922904841003EA89B /* Build configuration list for PBXNativeTarget "OnDemandMap-CloneUITests" */;
			buildPhases = (
				CD0C8A8622904841003EA89B /* Sources */,
				CD0C8A8722904841003EA89B /* Frameworks */,
				CD0C8A8822904841003EA89B /* Resources */,
			);
			buildRules = (
			);
			dependencies = (
				CD0C8A8C22904841003EA89B /* PBXTargetDependency */,
			);
			name = "OnDemandMap-CloneUITests";
			productName = "OnDemandMap-CloneUITests";
			productReference = CD0C8A8A22904841003EA89B /* OnDemandMap-CloneUITests.xctest */;
			productType = "com.apple.product-type.bundle.ui-testing";
		};
/* End PBXNativeTarget section */

/* Begin PBXProject section */
		CD0C8A6022904840003EA89B /* Project object */ = {
			isa = PBXProject;
			attributes = {
				LastSwiftUpdateCheck = 1010;
				LastUpgradeCheck = 1010;
				ORGANIZATIONNAME = "Michael Westbrooks II";
				TargetAttributes = {
					CD0C8A6722904840003EA89B = {
						CreatedOnToolsVersion = 10.1;
					};
					CD0C8A7E22904841003EA89B = {
						CreatedOnToolsVersion = 10.1;
						TestTargetID = CD0C8A6722904840003EA89B;
					};
					CD0C8A8922904841003EA89B = {
						CreatedOnToolsVersion = 10.1;
						TestTargetID = CD0C8A6722904840003EA89B;
					};
				};
			};
			buildConfigurationList = CD0C8A6322904840003EA89B /* Build configuration list for PBXProject "OnDemandMap-Clone" */;
			compatibilityVersion = "Xcode 9.3";
			developmentRegion = en;
			hasScannedForEncodings = 0;
			knownRegions = (
				en,
				Base,
			);
			mainGroup = CD0C8A5F22904840003EA89B;
			productRefGroup = CD0C8A6922904840003EA89B /* Products */;
			projectDirPath = "";
			projectRoot = "";
			targets = (
				CD0C8A6722904840003EA89B /* OnDemandMap-Clone */,
				CD0C8A7E22904841003EA89B /* OnDemandMap-CloneTests */,
				CD0C8A8922904841003EA89B /* OnDemandMap-CloneUITests */,
			);
		};
/* End PBXProject section */

/* Begin PBXResourcesBuildPhase section */
		CD0C8A6622904840003EA89B /* Resources */ = {
			isa = PBXResourcesBuildPhase;
			buildActionMask = 2147483647;
			files = (
				CD0C8A7922904841003EA89B /* LaunchScreen.storyboard in Resources */,
				CD0C8A7622904841003EA89B /* Assets.xcassets in Resources */,
				CD0C8A7122904840003EA89B /* Main.storyboard in Resources */,
				CD0C8AB72296E74E003EA89B /* SearchViewController.xib in Resources */,
				CD0C8A9F229048E7003EA89B /* MapViewController.xib in Resources */,
			);
			runOnlyForDeploymentPostprocessing = 0;
		};
		CD0C8A7D22904841003EA89B /* Resources */ = {
			isa = PBXResourcesBuildPhase;
			buildActionMask = 2147483647;
			files = (
			);
			runOnlyForDeploymentPostprocessing = 0;
		};
		CD0C8A8822904841003EA89B /* Resources */ = {
			isa = PBXResourcesBuildPhase;
			buildActionMask = 2147483647;
			files = (
			);
			runOnlyForDeploymentPostprocessing = 0;
		};
/* End PBXResourcesBuildPhase section */

/* Begin PBXSourcesBuildPhase section */
		CD0C8A6422904840003EA89B /* Sources */ = {
			isa = PBXSourcesBuildPhase;
			buildActionMask = 2147483647;
			files = (
				CD0C8AB32296DF5E003EA89B /* CustomMapView.swift in Sources */,
				CD0C8A7422904840003EA89B /* OnDemandMap_Clone.xcdatamodeld in Sources */,
				CD0C8AB62296E74E003EA89B /* SearchViewController.swift in Sources */,
				CD0C8A6E22904840003EA89B /* LaunchViewController.swift in Sources */,
				CD0C8AB12296D792003EA89B /* UIViewController+Ext.swift in Sources */,
				CD0C8AA122904B1E003EA89B /* LocationManager.swift in Sources */,
				CD0C8A6C22904840003EA89B /* AppDelegate.swift in Sources */,
				CD0C8AB922970204003EA89B /* MapViewController.swift in Sources */,
			);
			runOnlyForDeploymentPostprocessing = 0;
		};
		CD0C8A7B22904841003EA89B /* Sources */ = {
			isa = PBXSourcesBuildPhase;
			buildActionMask = 2147483647;
			files = (
				CD0C8A8422904841003EA89B /* OnDemandMap_CloneTests.swift in Sources */,
			);
			runOnlyForDeploymentPostprocessing = 0;
		};
		CD0C8A8622904841003EA89B /* Sources */ = {
			isa = PBXSourcesBuildPhase;
			buildActionMask = 2147483647;
			files = (
				CD0C8A8F22904841003EA89B /* OnDemandMap_CloneUITests.swift in Sources */,
			);
			runOnlyForDeploymentPostprocessing = 0;
		};
/* End PBXSourcesBuildPhase section */

/* Begin PBXTargetDependency section */
		CD0C8A8122904841003EA89B /* PBXTargetDependency */ = {
			isa = PBXTargetDependency;
			target = CD0C8A6722904840003EA89B /* OnDemandMap-Clone */;
			targetProxy = CD0C8A8022904841003EA89B /* PBXContainerItemProxy */;
		};
		CD0C8A8C22904841003EA89B /* PBXTargetDependency */ = {
			isa = PBXTargetDependency;
			target = CD0C8A6722904840003EA89B /* OnDemandMap-Clone */;
			targetProxy = CD0C8A8B22904841003EA89B /* PBXContainerItemProxy */;
		};
/* End PBXTargetDependency section */

/* Begin PBXVariantGroup section */
		CD0C8A6F22904840003EA89B /* Main.storyboard */ = {
			isa = PBXVariantGroup;
			children = (
				CD0C8A7022904840003EA89B /* Base */,
			);
			name = Main.storyboard;
			sourceTree = "<group>";
		};
		CD0C8A7722904841003EA89B /* LaunchScreen.storyboard */ = {
			isa = PBXVariantGroup;
			children = (
				CD0C8A7822904841003EA89B /* Base */,
			);
			name = LaunchScreen.storyboard;
			sourceTree = "<group>";
		};
/* End PBXVariantGroup section */

/* Begin XCBuildConfiguration section */
		CD0C8A9122904841003EA89B /* Debug */ = {
			isa = XCBuildConfiguration;
			buildSettings = {
				ALWAYS_SEARCH_USER_PATHS = NO;
				CLANG_ANALYZER_NONNULL = YES;
				CLANG_ANALYZER_NUMBER_OBJECT_CONVERSION = YES_AGGRESSIVE;
				CLANG_CXX_LANGUAGE_STANDARD = "gnu++14";
				CLANG_CXX_LIBRARY = "libc++";
				CLANG_ENABLE_MODULES = YES;
				CLANG_ENABLE_OBJC_ARC = YES;
				CLANG_ENABLE_OBJC_WEAK = YES;
				CLANG_WARN_BLOCK_CAPTURE_AUTORELEASING = YES;
				CLANG_WARN_BOOL_CONVERSION = YES;
				CLANG_WARN_COMMA = YES;
				CLANG_WARN_CONSTANT_CONVERSION = YES;
				CLANG_WARN_DEPRECATED_OBJC_IMPLEMENTATIONS = YES;
				CLANG_WARN_DIRECT_OBJC_ISA_USAGE = YES_ERROR;
				CLANG_WARN_DOCUMENTATION_COMMENTS = YES;
				CLANG_WARN_EMPTY_BODY = YES;
				CLANG_WARN_ENUM_CONVERSION = YES;
				CLANG_WARN_INFINITE_RECURSION = YES;
				CLANG_WARN_INT_CONVERSION = YES;
				CLANG_WARN_NON_LITERAL_NULL_CONVERSION = YES;
				CLANG_WARN_OBJC_IMPLICIT_RETAIN_SELF = YES;
				CLANG_WARN_OBJC_LITERAL_CONVERSION = YES;
				CLANG_WARN_OBJC_ROOT_CLASS = YES_ERROR;
				CLANG_WARN_RANGE_LOOP_ANALYSIS = YES;
				CLANG_WARN_STRICT_PROTOTYPES = YES;
				CLANG_WARN_SUSPICIOUS_MOVE = YES;
				CLANG_WARN_UNGUARDED_AVAILABILITY = YES_AGGRESSIVE;
				CLANG_WARN_UNREACHABLE_CODE = YES;
				CLANG_WARN__DUPLICATE_METHOD_MATCH = YES;
				CODE_SIGN_IDENTITY = "iPhone Developer";
				COPY_PHASE_STRIP = NO;
				DEBUG_INFORMATION_FORMAT = dwarf;
				ENABLE_STRICT_OBJC_MSGSEND = YES;
				ENABLE_TESTABILITY = YES;
				GCC_C_LANGUAGE_STANDARD = gnu11;
				GCC_DYNAMIC_NO_PIC = NO;
				GCC_NO_COMMON_BLOCKS = YES;
				GCC_OPTIMIZATION_LEVEL = 0;
				GCC_PREPROCESSOR_DEFINITIONS = (
					"DEBUG=1",
					"$(inherited)",
				);
				GCC_WARN_64_TO_32_BIT_CONVERSION = YES;
				GCC_WARN_ABOUT_RETURN_TYPE = YES_ERROR;
				GCC_WARN_UNDECLARED_SELECTOR = YES;
				GCC_WARN_UNINITIALIZED_AUTOS = YES_AGGRESSIVE;
				GCC_WARN_UNUSED_FUNCTION = YES;
				GCC_WARN_UNUSED_VARIABLE = YES;
				IPHONEOS_DEPLOYMENT_TARGET = 12.1;
				MTL_ENABLE_DEBUG_INFO = INCLUDE_SOURCE;
				MTL_FAST_MATH = YES;
				ONLY_ACTIVE_ARCH = YES;
				SDKROOT = iphoneos;
				SWIFT_ACTIVE_COMPILATION_CONDITIONS = DEBUG;
				SWIFT_OPTIMIZATION_LEVEL = "-Onone";
			};
			name = Debug;
		};
		CD0C8A9222904841003EA89B /* Release */ = {
			isa = XCBuildConfiguration;
			buildSettings = {
				ALWAYS_SEARCH_USER_PATHS = NO;
				CLANG_ANALYZER_NONNULL = YES;
				CLANG_ANALYZER_NUMBER_OBJECT_CONVERSION = YES_AGGRESSIVE;
				CLANG_CXX_LANGUAGE_STANDARD = "gnu++14";
				CLANG_CXX_LIBRARY = "libc++";
				CLANG_ENABLE_MODULES = YES;
				CLANG_ENABLE_OBJC_ARC = YES;
				CLANG_ENABLE_OBJC_WEAK = YES;
				CLANG_WARN_BLOCK_CAPTURE_AUTORELEASING = YES;
				CLANG_WARN_BOOL_CONVERSION = YES;
				CLANG_WARN_COMMA = YES;
				CLANG_WARN_CONSTANT_CONVERSION = YES;
				CLANG_WARN_DEPRECATED_OBJC_IMPLEMENTATIONS = YES;
				CLANG_WARN_DIRECT_OBJC_ISA_USAGE = YES_ERROR;
				CLANG_WARN_DOCUMENTATION_COMMENTS = YES;
				CLANG_WARN_EMPTY_BODY = YES;
				CLANG_WARN_ENUM_CONVERSION = YES;
				CLANG_WARN_INFINITE_RECURSION = YES;
				CLANG_WARN_INT_CONVERSION = YES;
				CLANG_WARN_NON_LITERAL_NULL_CONVERSION = YES;
				CLANG_WARN_OBJC_IMPLICIT_RETAIN_SELF = YES;
				CLANG_WARN_OBJC_LITERAL_CONVERSION = YES;
				CLANG_WARN_OBJC_ROOT_CLASS = YES_ERROR;
				CLANG_WARN_RANGE_LOOP_ANALYSIS = YES;
				CLANG_WARN_STRICT_PROTOTYPES = YES;
				CLANG_WARN_SUSPICIOUS_MOVE = YES;
				CLANG_WARN_UNGUARDED_AVAILABILITY = YES_AGGRESSIVE;
				CLANG_WARN_UNREACHABLE_CODE = YES;
				CLANG_WARN__DUPLICATE_METHOD_MATCH = YES;
				CODE_SIGN_IDENTITY = "iPhone Developer";
				COPY_PHASE_STRIP = NO;
				DEBUG_INFORMATION_FORMAT = "dwarf-with-dsym";
				ENABLE_NS_ASSERTIONS = NO;
				ENABLE_STRICT_OBJC_MSGSEND = YES;
				GCC_C_LANGUAGE_STANDARD = gnu11;
				GCC_NO_COMMON_BLOCKS = YES;
				GCC_WARN_64_TO_32_BIT_CONVERSION = YES;
				GCC_WARN_ABOUT_RETURN_TYPE = YES_ERROR;
				GCC_WARN_UNDECLARED_SELECTOR = YES;
				GCC_WARN_UNINITIALIZED_AUTOS = YES_AGGRESSIVE;
				GCC_WARN_UNUSED_FUNCTION = YES;
				GCC_WARN_UNUSED_VARIABLE = YES;
				IPHONEOS_DEPLOYMENT_TARGET = 12.1;
				MTL_ENABLE_DEBUG_INFO = NO;
				MTL_FAST_MATH = YES;
				SDKROOT = iphoneos;
				SWIFT_COMPILATION_MODE = wholemodule;
				SWIFT_OPTIMIZATION_LEVEL = "-O";
				VALIDATE_PRODUCT = YES;
			};
			name = Release;
		};
		CD0C8A9422904841003EA89B /* Debug */ = {
			isa = XCBuildConfiguration;
			buildSettings = {
				ASSETCATALOG_COMPILER_APPICON_NAME = AppIcon;
				CODE_SIGN_STYLE = Automatic;
				DEVELOPMENT_TEAM = 3B54J2A9PZ;
				INFOPLIST_FILE = "OnDemandMap-Clone/Info.plist";
				LD_RUNPATH_SEARCH_PATHS = (
					"$(inherited)",
					"@executable_path/Frameworks",
				);
				PRODUCT_BUNDLE_IDENTIFIER = "redroostertech.OnDemandMap-Clone";
				PRODUCT_NAME = "$(TARGET_NAME)";
				SWIFT_VERSION = 4.2;
				TARGETED_DEVICE_FAMILY = "1,2";
			};
			name = Debug;
		};
		CD0C8A9522904841003EA89B /* Release */ = {
			isa = XCBuildConfiguration;
			buildSettings = {
				ASSETCATALOG_COMPILER_APPICON_NAME = AppIcon;
				CODE_SIGN_STYLE = Automatic;
				DEVELOPMENT_TEAM = 3B54J2A9PZ;
				INFOPLIST_FILE = "OnDemandMap-Clone/Info.plist";
				LD_RUNPATH_SEARCH_PATHS = (
					"$(inherited)",
					"@executable_path/Frameworks",
				);
				PRODUCT_BUNDLE_IDENTIFIER = "redroostertech.OnDemandMap-Clone";
				PRODUCT_NAME = "$(TARGET_NAME)";
				SWIFT_VERSION = 4.2;
				TARGETED_DEVICE_FAMILY = "1,2";
			};
			name = Release;
		};
		CD0C8A9722904841003EA89B /* Debug */ = {
			isa = XCBuildConfiguration;
			buildSettings = {
				ALWAYS_EMBED_SWIFT_STANDARD_LIBRARIES = YES;
				BUNDLE_LOADER = "$(TEST_HOST)";
				CODE_SIGN_STYLE = Automatic;
				DEVELOPMENT_TEAM = 3B54J2A9PZ;
				INFOPLIST_FILE = "OnDemandMap-CloneTests/Info.plist";
				LD_RUNPATH_SEARCH_PATHS = (
					"$(inherited)",
					"@executable_path/Frameworks",
					"@loader_path/Frameworks",
				);
				PRODUCT_BUNDLE_IDENTIFIER = "redroostertech.OnDemandMap-CloneTests";
				PRODUCT_NAME = "$(TARGET_NAME)";
				SWIFT_VERSION = 4.2;
				TARGETED_DEVICE_FAMILY = "1,2";
				TEST_HOST = "$(BUILT_PRODUCTS_DIR)/OnDemandMap-Clone.app/OnDemandMap-Clone";
			};
			name = Debug;
		};
		CD0C8A9822904841003EA89B /* Release */ = {
			isa = XCBuildConfiguration;
			buildSettings = {
				ALWAYS_EMBED_SWIFT_STANDARD_LIBRARIES = YES;
				BUNDLE_LOADER = "$(TEST_HOST)";
				CODE_SIGN_STYLE = Automatic;
				DEVELOPMENT_TEAM = 3B54J2A9PZ;
				INFOPLIST_FILE = "OnDemandMap-CloneTests/Info.plist";
				LD_RUNPATH_SEARCH_PATHS = (
					"$(inherited)",
					"@executable_path/Frameworks",
					"@loader_path/Frameworks",
				);
				PRODUCT_BUNDLE_IDENTIFIER = "redroostertech.OnDemandMap-CloneTests";
				PRODUCT_NAME = "$(TARGET_NAME)";
				SWIFT_VERSION = 4.2;
				TARGETED_DEVICE_FAMILY = "1,2";
				TEST_HOST = "$(BUILT_PRODUCTS_DIR)/OnDemandMap-Clone.app/OnDemandMap-Clone";
			};
			name = Release;
		};
		CD0C8A9A22904841003EA89B /* Debug */ = {
			isa = XCBuildConfiguration;
			buildSettings = {
				ALWAYS_EMBED_SWIFT_STANDARD_LIBRARIES = YES;
				CODE_SIGN_STYLE = Automatic;
				DEVELOPMENT_TEAM = 3B54J2A9PZ;
				INFOPLIST_FILE = "OnDemandMap-CloneUITests/Info.plist";
				LD_RUNPATH_SEARCH_PATHS = (
					"$(inherited)",
					"@executable_path/Frameworks",
					"@loader_path/Frameworks",
				);
				PRODUCT_BUNDLE_IDENTIFIER = "redroostertech.OnDemandMap-CloneUITests";
				PRODUCT_NAME = "$(TARGET_NAME)";
				SWIFT_VERSION = 4.2;
				TARGETED_DEVICE_FAMILY = "1,2";
				TEST_TARGET_NAME = "OnDemandMap-Clone";
			};
			name = Debug;
		};
		CD0C8A9B22904841003EA89B /* Release */ = {
			isa = XCBuildConfiguration;
			buildSettings = {
				ALWAYS_EMBED_SWIFT_STANDARD_LIBRARIES = YES;
				CODE_SIGN_STYLE = Automatic;
				DEVELOPMENT_TEAM = 3B54J2A9PZ;
				INFOPLIST_FILE = "OnDemandMap-CloneUITests/Info.plist";
				LD_RUNPATH_SEARCH_PATHS = (
					"$(inherited)",
					"@executable_path/Frameworks",
					"@loader_path/Frameworks",
				);
				PRODUCT_BUNDLE_IDENTIFIER = "redroostertech.OnDemandMap-CloneUITests";
				PRODUCT_NAME = "$(TARGET_NAME)";
				SWIFT_VERSION = 4.2;
				TARGETED_DEVICE_FAMILY = "1,2";
				TEST_TARGET_NAME = "OnDemandMap-Clone";
			};
			name = Release;
		};
/* End XCBuildConfiguration section */

/* Begin XCConfigurationList section */
		CD0C8A6322904840003EA89B /* Build configuration list for PBXProject "OnDemandMap-Clone" */ = {
			isa = XCConfigurationList;
			buildConfigurations = (
				CD0C8A9122904841003EA89B /* Debug */,
				CD0C8A9222904841003EA89B /* Release */,
			);
			defaultConfigurationIsVisible = 0;
			defaultConfigurationName = Release;
		};
		CD0C8A9322904841003EA89B /* Build configuration list for PBXNativeTarget "OnDemandMap-Clone" */ = {
			isa = XCConfigurationList;
			buildConfigurations = (
				CD0C8A9422904841003EA89B /* Debug */,
				CD0C8A9522904841003EA89B /* Release */,
			);
			defaultConfigurationIsVisible = 0;
			defaultConfigurationName = Release;
		};
		CD0C8A9622904841003EA89B /* Build configuration list for PBXNativeTarget "OnDemandMap-CloneTests" */ = {
			isa = XCConfigurationList;
			buildConfigurations = (
				CD0C8A9722904841003EA89B /* Debug */,
				CD0C8A9822904841003EA89B /* Release */,
			);
			defaultConfigurationIsVisible = 0;
			defaultConfigurationName = Release;
		};
		CD0C8A9922904841003EA89B /* Build configuration list for PBXNativeTarget "OnDemandMap-CloneUITests" */ = {
			isa = XCConfigurationList;
			buildConfigurations = (
				CD0C8A9A22904841003EA89B /* Debug */,
				CD0C8A9B22904841003EA89B /* Release */,
			);
			defaultConfigurationIsVisible = 0;
			defaultConfigurationName = Release;
		};
/* End XCConfigurationList section */

/* Begin XCVersionGroup section */
		CD0C8A7222904840003EA89B /* OnDemandMap_Clone.xcdatamodeld */ = {
			isa = XCVersionGroup;
			children = (
				CD0C8A7322904840003EA89B /* OnDemandMap_Clone.xcdatamodel */,
			);
			currentVersion = CD0C8A7322904840003EA89B /* OnDemandMap_Clone.xcdatamodel */;
			path = OnDemandMap_Clone.xcdatamodeld;
			sourceTree = "<group>";
			versionGroupType = wrapper.xcdatamodel;
		};
/* End XCVersionGroup section */
	};
	rootObject = CD0C8A6022904840003EA89B /* Project object */;
}
